
Microsoft Visual Studio Solution File, Format Version 12.00
# Visual Studio Version 16
VisualStudioVersion = 16.0.810.9
MinimumVisualStudioVersion = 10.0.40219.1
Project("{FAE04EC0-301F-11D3-BF4B-00C04F79EFBC}") = "Week04_Sample.Android", "Week04_Sample.Android\Week04_Sample.Android.csproj", "{556E3353-E516-4417-84FA-01FD6298C989}"
EndProject
Project("{FAE04EC0-301F-11D3-BF4B-00C04F79EFBC}") = "Week04_Sample.iOS", "Week04_Sample.iOS\Week04_Sample.iOS.csproj", "{B7F8D858-C773-49E8-BE33-2CF1C8468929}"
EndProject
Project("{FAE04EC0-301F-11D3-BF4B-00C04F79EFBC}") = "Week04_Sample", "Week04_Sample\Week04_Sample.csproj", "{D471E795-5D17-45D0-9166-6B637CBBDB73}"
EndProject
Global
	GlobalSection(SolutionConfigurationPlatforms) = preSolution
		Debug|Any CPU = Debug|Any CPU
		Release|Any CPU = Release|Any CPU
		Debug|iPhoneSimulator = Debug|iPhoneSimulator
		Release|iPhoneSimulator = Release|iPhoneSimulator
		Debug|iPhone = Debug|iPhone
		Release|iPhone = Release|iPhone
	EndGlobalSection
	GlobalSection(ProjectConfigurationPlatforms) = postSolution
		{556E3353-E516-4417-84FA-01FD6298C989}.Debug|Any CPU.ActiveCfg = Debug|Any CPU
		{556E3353-E516-4417-84FA-01FD6298C989}.Debug|Any CPU.Build.0 = Debug|Any CPU
		{556E3353-E516-4417-84FA-01FD6298C989}.Release|Any CPU.ActiveCfg = Release|Any CPU
		{556E3353-E516-4417-84FA-01FD6298C989}.Release|Any CPU.Build.0 = Release|Any CPU
		{556E3353-E516-4417-84FA-01FD6298C989}.Debug|iPhoneSimulator.ActiveCfg = Debug|Any CPU
		{556E3353-E516-4417-84FA-01FD6298C989}.Debug|iPhoneSimulator.Build.0 = Debug|Any CPU
		{556E3353-E516-4417-84FA-01FD6298C989}.Release|iPhoneSimulator.ActiveCfg = Release|Any CPU
		{556E3353-E516-4417-84FA-01FD6298C989}.Release|iPhoneSimulator.Build.0 = Release|Any CPU
		{556E3353-E516-4417-84FA-01FD6298C989}.Debug|iPhone.ActiveCfg = Debug|Any CPU
		{556E3353-E516-4417-84FA-01FD6298C989}.Debug|iPhone.Build.0 = Debug|Any CPU
		{556E3353-E516-4417-84FA-01FD6298C989}.Release|iPhone.ActiveCfg = Release|Any CPU
		{556E3353-E516-4417-84FA-01FD6298C989}.Release|iPhone.Build.0 = Release|Any CPU
		{B7F8D858-C773-49E8-BE33-2CF1C8468929}.Debug|Any CPU.ActiveCfg = Debug|iPhoneSimulator
		{B7F8D858-C773-49E8-BE33-2CF1C8468929}.Debug|Any CPU.Build.0 = Debug|iPhoneSimulator
		{B7F8D858-C773-49E8-BE33-2CF1C8468929}.Release|Any CPU.ActiveCfg = Release|iPhoneSimulator
		{B7F8D858-C773-49E8-BE33-2CF1C8468929}.Release|Any CPU.Build.0 = Release|iPhoneSimulator
		{B7F8D858-C773-49E8-BE33-2CF1C8468929}.Debug|iPhoneSimulator.ActiveCfg = Debug|iPhoneSimulator
		{B7F8D858-C773-49E8-BE33-2CF1C8468929}.Debug|iPhoneSimulator.Build.0 = Debug|iPhoneSimulator
		{B7F8D858-C773-49E8-BE33-2CF1C8468929}.Release|iPhoneSimulator.ActiveCfg = Release|iPhoneSimulator
		{B7F8D858-C773-49E8-BE33-2CF1C8468929}.Release|iPhoneSimulator.Build.0 = Release|iPhoneSimulator
		{B7F8D858-C773-49E8-BE33-2CF1C8468929}.Debug|iPhone.ActiveCfg = Debug|iPhone
		{B7F8D858-C773-49E8-BE33-2CF1C8468929}.Debug|iPhone.Build.0 = Debug|iPhone
		{B7F8D858-C773-49E8-BE33-2CF1C8468929}.Release|iPhone.ActiveCfg = Release|iPhone
		{B7F8D858-C773-49E8-BE33-2CF1C8468929}.Release|iPhone.Build.0 = Release|iPhone
		{D471E795-5D17-45D0-9166-6B637CBBDB73}.Debug|Any CPU.ActiveCfg = Debug|Any CPU
		{D471E795-5D17-45D0-9166-6B637CBBDB73}.Debug|Any CPU.Build.0 = Debug|Any CPU
		{D471E795-5D17-45D0-9166-6B637CBBDB73}.Release|Any CPU.ActiveCfg = Release|Any CPU
		{D471E795-5D17-45D0-9166-6B637CBBDB73}.Release|Any CPU.Build.0 = Release|Any CPU
		{D471E795-5D17-45D0-9166-6B637CBBDB73}.Debug|iPhoneSimulator.ActiveCfg = Debug|Any CPU
		{D471E795-5D17-45D0-9166-6B637CBBDB73}.Debug|iPhoneSimulator.Build.0 = Debug|Any CPU
		{D471E795-5D17-45D0-9166-6B637CBBDB73}.Release|iPhoneSimulator.ActiveCfg = Release|Any CPU
		{D471E795-5D17-45D0-9166-6B637CBBDB73}.Release|iPhoneSimulator.Build.0 = Release|Any CPU
		{D471E795-5D17-45D0-9166-6B637CBBDB73}.Debug|iPhone.ActiveCfg = Debug|Any CPU
		{D471E795-5D17-45D0-9166-6B637CBBDB73}.Debug|iPhone.Build.0 = Debug|Any CPU
		{D471E795-5D17-45D0-9166-6B637CBBDB73}.Release|iPhone.ActiveCfg = Release|Any CPU
		{D471E795-5D17-45D0-9166-6B637CBBDB73}.Release|iPhone.Build.0 = Release|Any CPU
	EndGlobalSection
	GlobalSection(SolutionProperties) = preSolution
		HideSolutionNode = FALSE
	EndGlobalSection
	GlobalSection(ExtensibilityGlobals) = postSolution
		SolutionGuid = {CCC3BAEC-4BFD-4008-BB10-9A3491B00936}
	EndGlobalSection
EndGlobal
